
Microsoft Visual Studio Solution File, Format Version 12.00
# Visual Studio Version 17
VisualStudioVersion = 17.0.32126.317
MinimumVisualStudioVersion = 10.0.40219.1
Project("{9A19103F-16F7-4668-BE54-9A1E7A4F7556}") = "TelegramBot", "TelegramBot.csproj", "{4673556C-074D-4F9E-8AE5-7A737FC20405}"
EndProject
Global
	GlobalSection(SolutionConfigurationPlatforms) = preSolution
		Debug|Any CPU = Debug|Any CPU
		Release|Any CPU = Release|Any CPU
	EndGlobalSection
	GlobalSection(ProjectConfigurationPlatforms) = postSolution
		{4673556C-074D-4F9E-8AE5-7A737FC20405}.Debug|Any CPU.ActiveCfg = Debug|Any CPU
		{4673556C-074D-4F9E-8AE5-7A737FC20405}.Debug|Any CPU.Build.0 = Debug|Any CPU
		{4673556C-074D-4F9E-8AE5-7A737FC20405}.Release|Any CPU.ActiveCfg = Release|Any CPU
		{4673556C-074D-4F9E-8AE5-7A737FC20405}.Release|Any CPU.Build.0 = Release|Any CPU
	EndGlobalSection
	GlobalSection(SolutionProperties) = preSolution
		HideSolutionNode = FALSE
	EndGlobalSection
	GlobalSection(ExtensibilityGlobals) = postSolution
		SolutionGuid = {A08D1801-212C-4782-8B5A-2D54C25D5AF0}
	EndGlobalSection
EndGlobal
